
Microsoft Visual Studio Solution File, Format Version 12.00
# Visual Studio Version 17
VisualStudioVersion = 17.11.35312.102
MinimumVisualStudioVersion = 10.0.40219.1
Project("{9A19103F-16F7-4668-BE54-9A1E7A4F7556}") = "MergeSort", "MergeSort.csproj", "{8294405F-45EE-4564-B18B-E35AB5AA624E}"
EndProject
Global
	GlobalSection(SolutionConfigurationPlatforms) = preSolution
		Debug|Any CPU = Debug|Any CPU
		Release|Any CPU = Release|Any CPU
	EndGlobalSection
	GlobalSection(ProjectConfigurationPlatforms) = postSolution
		{8294405F-45EE-4564-B18B-E35AB5AA624E}.Debug|Any CPU.ActiveCfg = Debug|Any CPU
		{8294405F-45EE-4564-B18B-E35AB5AA624E}.Debug|Any CPU.Build.0 = Debug|Any CPU
		{8294405F-45EE-4564-B18B-E35AB5AA624E}.Release|Any CPU.ActiveCfg = Release|Any CPU
		{8294405F-45EE-4564-B18B-E35AB5AA624E}.Release|Any CPU.Build.0 = Release|Any CPU
	EndGlobalSection
	GlobalSection(SolutionProperties) = preSolution
		HideSolutionNode = FALSE
	EndGlobalSection
	GlobalSection(ExtensibilityGlobals) = postSolution
		SolutionGuid = {1D584CB9-63FD-4F13-8BE1-3A2A95F8242B}
	EndGlobalSection
EndGlobal
